
Microsoft Visual Studio Solution File, Format Version 12.00
# Visual Studio 15
Project("{FAE04EC0-301F-11D3-BF4B-00C04F79EFBC}") = "Investiture", "Assembly-CSharp.csproj", "{21AC6D93-A1A3-2564-6B83-8E7E7645D645}"
EndProject
Project("{FAE04EC0-301F-11D3-BF4B-00C04F79EFBC}") = "Investiture", "Assembly-CSharp-Editor.csproj", "{3F756D06-D4E0-1663-1DF6-36EE226E0F3F}"
EndProject
Global
	GlobalSection(SolutionConfigurationPlatforms) = preSolution
		Debug|Any CPU = Debug|Any CPU
		Release|Any CPU = Release|Any CPU
	EndGlobalSection
	GlobalSection(ProjectConfigurationPlatforms) = postSolution
		{21AC6D93-A1A3-2564-6B83-8E7E7645D645}.Debug|Any CPU.ActiveCfg = Debug|Any CPU
		{21AC6D93-A1A3-2564-6B83-8E7E7645D645}.Debug|Any CPU.Build.0 = Debug|Any CPU
		{21AC6D93-A1A3-2564-6B83-8E7E7645D645}.Release|Any CPU.ActiveCfg = Release|Any CPU
		{21AC6D93-A1A3-2564-6B83-8E7E7645D645}.Release|Any CPU.Build.0 = Release|Any CPU
		{3F756D06-D4E0-1663-1DF6-36EE226E0F3F}.Debug|Any CPU.ActiveCfg = Debug|Any CPU
		{3F756D06-D4E0-1663-1DF6-36EE226E0F3F}.Debug|Any CPU.Build.0 = Debug|Any CPU
		{3F756D06-D4E0-1663-1DF6-36EE226E0F3F}.Release|Any CPU.ActiveCfg = Release|Any CPU
		{3F756D06-D4E0-1663-1DF6-36EE226E0F3F}.Release|Any CPU.Build.0 = Release|Any CPU
	EndGlobalSection
	GlobalSection(SolutionProperties) = preSolution
		HideSolutionNode = FALSE
	EndGlobalSection
EndGlobal
